
Microsoft Visual Studio Solution File, Format Version 12.00
# Visual Studio 15
VisualStudioVersion = 15.0.28010.2026
MinimumVisualStudioVersion = 10.0.40219.1
Project("{FAE04EC0-301F-11D3-BF4B-00C04F79EFBC}") = "VIP", "VIP\VIP.csproj", "{53E2E876-B5EF-41CF-994F-8DC2B8A363F8}"
EndProject
Global
	GlobalSection(SolutionConfigurationPlatforms) = preSolution
		Debug|Any CPU = Debug|Any CPU
		Release|Any CPU = Release|Any CPU
	EndGlobalSection
	GlobalSection(ProjectConfigurationPlatforms) = postSolution
		{53E2E876-B5EF-41CF-994F-8DC2B8A363F8}.Debug|Any CPU.ActiveCfg = Debug|Any CPU
		{53E2E876-B5EF-41CF-994F-8DC2B8A363F8}.Debug|Any CPU.Build.0 = Debug|Any CPU
		{53E2E876-B5EF-41CF-994F-8DC2B8A363F8}.Release|Any CPU.ActiveCfg = Release|Any CPU
		{53E2E876-B5EF-41CF-994F-8DC2B8A363F8}.Release|Any CPU.Build.0 = Release|Any CPU
	EndGlobalSection
	GlobalSection(SolutionProperties) = preSolution
		HideSolutionNode = FALSE
	EndGlobalSection
	GlobalSection(ExtensibilityGlobals) = postSolution
		SolutionGuid = {7507BF82-BD2B-44A8-BB37-2B5AC600AB7D}
	EndGlobalSection
EndGlobal
